
Microsoft Visual Studio Solution File, Format Version 12.00
# Visual Studio Version 16
VisualStudioVersion = 16.0.30225.117
MinimumVisualStudioVersion = 10.0.40219.1
Project("{FAE04EC0-301F-11D3-BF4B-00C04F79EFBC}") = "number guesser", "number guesser.csproj", "{BBE67D0A-257E-484B-A9C7-EFAFDF719DBF}"
EndProject
Global
	GlobalSection(SolutionConfigurationPlatforms) = preSolution
		Debug|Any CPU = Debug|Any CPU
		Release|Any CPU = Release|Any CPU
	EndGlobalSection
	GlobalSection(ProjectConfigurationPlatforms) = postSolution
		{BBE67D0A-257E-484B-A9C7-EFAFDF719DBF}.Debug|Any CPU.ActiveCfg = Debug|Any CPU
		{BBE67D0A-257E-484B-A9C7-EFAFDF719DBF}.Debug|Any CPU.Build.0 = Debug|Any CPU
		{BBE67D0A-257E-484B-A9C7-EFAFDF719DBF}.Release|Any CPU.ActiveCfg = Release|Any CPU
		{BBE67D0A-257E-484B-A9C7-EFAFDF719DBF}.Release|Any CPU.Build.0 = Release|Any CPU
	EndGlobalSection
	GlobalSection(SolutionProperties) = preSolution
		HideSolutionNode = FALSE
	EndGlobalSection
	GlobalSection(ExtensibilityGlobals) = postSolution
		SolutionGuid = {7D879936-C895-46D4-B99C-B6A88601BD2A}
	EndGlobalSection
EndGlobal
